// !$*UTF8*$!
{
	archiveVersion = 1;
	classes = {
	};
	objectVersion = 50;
	objects = {

/* Begin PBXBuildFile section */
		03B091E0211793E300F07463 /* AppDelegate.swift in Sources */ = {isa = PBXBuildFile; fileRef = 03B091DF211793E300F07463 /* AppDelegate.swift */; };
		03B091E5211793E300F07463 /* Main.storyboard in Resources */ = {isa = PBXBuildFile; fileRef = 03B091E3211793E300F07463 /* Main.storyboard */; };
		03B091E7211793E500F07463 /* Assets.xcassets in Resources */ = {isa = PBXBuildFile; fileRef = 03B091E6211793E500F07463 /* Assets.xcassets */; };
		03B091EA211793E500F07463 /* LaunchScreen.storyboard in Resources */ = {isa = PBXBuildFile; fileRef = 03B091E8211793E500F07463 /* LaunchScreen.storyboard */; };
		03B091F5211793E500F07463 /* GHBCarRentalTests.swift in Sources */ = {isa = PBXBuildFile; fileRef = 03B091F4211793E500F07463 /* GHBCarRentalTests.swift */; };
		03B09200211793E500F07463 /* GHBCarRentalUITests.swift in Sources */ = {isa = PBXBuildFile; fileRef = 03B091FF211793E500F07463 /* GHBCarRentalUITests.swift */; };
/* End PBXBuildFile section */

/* Begin PBXContainerItemProxy section */
		03B091F1211793E500F07463 /* PBXContainerItemProxy */ = {
			isa = PBXContainerItemProxy;
			containerPortal = 03B091D4211793E300F07463 /* Project object */;
			proxyType = 1;
			remoteGlobalIDString = 03B091DB211793E300F07463;
			remoteInfo = GHBCarRental;
		};
		03B091FC211793E500F07463 /* PBXContainerItemProxy */ = {
			isa = PBXContainerItemProxy;
			containerPortal = 03B091D4211793E300F07463 /* Project object */;
			proxyType = 1;
			remoteGlobalIDString = 03B091DB211793E300F07463;
			remoteInfo = GHBCarRental;
		};
/* End PBXContainerItemProxy section */

/* Begin PBXFileReference section */
		03B091DC211793E300F07463 /* GHBCarRental.app */ = {isa = PBXFileReference; explicitFileType = wrapper.application; includeInIndex = 0; path = GHBCarRental.app; sourceTree = BUILT_PRODUCTS_DIR; };
		03B091DF211793E300F07463 /* AppDelegate.swift */ = {isa = PBXFileReference; lastKnownFileType = sourcecode.swift; path = AppDelegate.swift; sourceTree = "<group>"; };
		03B091E4211793E300F07463 /* Base */ = {isa = PBXFileReference; lastKnownFileType = file.storyboard; name = Base; path = Base.lproj/Main.storyboard; sourceTree = "<group>"; };
		03B091E6211793E500F07463 /* Assets.xcassets */ = {isa = PBXFileReference; lastKnownFileType = folder.assetcatalog; path = Assets.xcassets; sourceTree = "<group>"; };
		03B091E9211793E500F07463 /* Base */ = {isa = PBXFileReference; lastKnownFileType = file.storyboard; name = Base; path = Base.lproj/LaunchScreen.storyboard; sourceTree = "<group>"; };
		03B091EB211793E500F07463 /* Info.plist */ = {isa = PBXFileReference; lastKnownFileType = text.plist.xml; path = Info.plist; sourceTree = "<group>"; };
		03B091F0211793E500F07463 /* GHBCarRentalTests.xctest */ = {isa = PBXFileReference; explicitFileType = wrapper.cfbundle; includeInIndex = 0; path = GHBCarRentalTests.xctest; sourceTree = BUILT_PRODUCTS_DIR; };
		03B091F4211793E500F07463 /* GHBCarRentalTests.swift */ = {isa = PBXFileReference; lastKnownFileType = sourcecode.swift; path = GHBCarRentalTests.swift; sourceTree = "<group>"; };
		03B091F6211793E500F07463 /* Info.plist */ = {isa = PBXFileReference; lastKnownFileType = text.plist.xml; path = Info.plist; sourceTree = "<group>"; };
		03B091FB211793E500F07463 /* GHBCarRentalUITests.xctest */ = {isa = PBXFileReference; explicitFileType = wrapper.cfbundle; includeInIndex = 0; path = GHBCarRentalUITests.xctest; sourceTree = BUILT_PRODUCTS_DIR; };
		03B091FF211793E500F07463 /* GHBCarRentalUITests.swift */ = {isa = PBXFileReference; lastKnownFileType = sourcecode.swift; path = GHBCarRentalUITests.swift; sourceTree = "<group>"; };
		03B09201211793E500F07463 /* Info.plist */ = {isa = PBXFileReference; lastKnownFileType = text.plist.xml; path = Info.plist; sourceTree = "<group>"; };
/* End PBXFileReference section */

/* Begin PBXFrameworksBuildPhase section */
		03B091D9211793E300F07463 /* Frameworks */ = {
			isa = PBXFrameworksBuildPhase;
			buildActionMask = 2147483647;
			files = (
			);
			runOnlyForDeploymentPostprocessing = 0;
		};
		03B091ED211793E500F07463 /* Frameworks */ = {
			isa = PBXFrameworksBuildPhase;
			buildActionMask = 2147483647;
			files = (
			);
			runOnlyForDeploymentPostprocessing = 0;
		};
		03B091F8211793E500F07463 /* Frameworks */ = {
			isa = PBXFrameworksBuildPhase;
			buildActionMask = 2147483647;
			files = (
			);
			runOnlyForDeploymentPostprocessing = 0;
		};
/* End PBXFrameworksBuildPhase section */

/* Begin PBXGroup section */
		03B091D3211793E300F07463 = {
			isa = PBXGroup;
			children = (
				03B091DE211793E300F07463 /* GHBCarRental */,
				03B091F3211793E500F07463 /* GHBCarRentalTests */,
				03B091FE211793E500F07463 /* GHBCarRentalUITests */,
				03B091DD211793E300F07463 /* Products */,
			);
			sourceTree = "<group>";
		};
		03B091DD211793E300F07463 /* Products */ = {
			isa = PBXGroup;
			children = (
				03B091DC211793E300F07463 /* GHBCarRental.app */,
				03B091F0211793E500F07463 /* GHBCarRentalTests.xctest */,
				03B091FB211793E500F07463 /* GHBCarRentalUITests.xctest */,
			);
			name = Products;
			sourceTree = "<group>";
		};
		03B091DE211793E300F07463 /* GHBCarRental */ = {
			isa = PBXGroup;
			children = (
				03B0920D211793EF00F07463 /* Model */,
				03B0920E211793F700F07463 /* View */,
				03B0920F211793FB00F07463 /* Controller */,
				03B092112117943900F07463 /* Assets */,
				03B092102117942700F07463 /* Utilities */,
				03B091DF211793E300F07463 /* AppDelegate.swift */,
				03B091EB211793E500F07463 /* Info.plist */,
			);
			path = GHBCarRental;
			sourceTree = "<group>";
		};
		03B091F3211793E500F07463 /* GHBCarRentalTests */ = {
			isa = PBXGroup;
			children = (
				03B091F4211793E500F07463 /* GHBCarRentalTests.swift */,
				03B091F6211793E500F07463 /* Info.plist */,
			);
			path = GHBCarRentalTests;
			sourceTree = "<group>";
		};
		03B091FE211793E500F07463 /* GHBCarRentalUITests */ = {
			isa = PBXGroup;
			children = (
				03B091FF211793E500F07463 /* GHBCarRentalUITests.swift */,
				03B09201211793E500F07463 /* Info.plist */,
			);
			path = GHBCarRentalUITests;
			sourceTree = "<group>";
		};
		03B0920D211793EF00F07463 /* Model */ = {
			isa = PBXGroup;
			children = (
			);
			path = Model;
			sourceTree = "<group>";
		};
		03B0920E211793F700F07463 /* View */ = {
			isa = PBXGroup;
			children = (
				03B091E3211793E300F07463 /* Main.storyboard */,
				03B091E8211793E500F07463 /* LaunchScreen.storyboard */,
			);
			path = View;
			sourceTree = "<group>";
		};
		03B0920F211793FB00F07463 /* Controller */ = {
			isa = PBXGroup;
			children = (
			);
			path = Controller;
			sourceTree = "<group>";
		};
		03B092102117942700F07463 /* Utilities */ = {
			isa = PBXGroup;
			children = (
			);
			path = Utilities;
			sourceTree = "<group>";
		};
		03B092112117943900F07463 /* Assets */ = {
			isa = PBXGroup;
			children = (
				03B091E6211793E500F07463 /* Assets.xcassets */,
			);
			path = Assets;
			sourceTree = "<group>";
		};
/* End PBXGroup section */

/* Begin PBXNativeTarget section */
		03B091DB211793E300F07463 /* GHBCarRental */ = {
			isa = PBXNativeTarget;
			buildConfigurationList = 03B09204211793E500F07463 /* Build configuration list for PBXNativeTarget "GHBCarRental" */;
			buildPhases = (
				03B091D8211793E300F07463 /* Sources */,
				03B091D9211793E300F07463 /* Frameworks */,
				03B091DA211793E300F07463 /* Resources */,
			);
			buildRules = (
			);
			dependencies = (
			);
			name = GHBCarRental;
			productName = GHBCarRental;
			productReference = 03B091DC211793E300F07463 /* GHBCarRental.app */;
			productType = "com.apple.product-type.application";
		};
		03B091EF211793E500F07463 /* GHBCarRentalTests */ = {
			isa = PBXNativeTarget;
			buildConfigurationList = 03B09207211793E500F07463 /* Build configuration list for PBXNativeTarget "GHBCarRentalTests" */;
			buildPhases = (
				03B091EC211793E500F07463 /* Sources */,
				03B091ED211793E500F07463 /* Frameworks */,
				03B091EE211793E500F07463 /* Resources */,
			);
			buildRules = (
			);
			dependencies = (
				03B091F2211793E500F07463 /* PBXTargetDependency */,
			);
			name = GHBCarRentalTests;
			productName = GHBCarRentalTests;
			productReference = 03B091F0211793E500F07463 /* GHBCarRentalTests.xctest */;
			productType = "com.apple.product-type.bundle.unit-test";
		};
		03B091FA211793E500F07463 /* GHBCarRentalUITests */ = {
			isa = PBXNativeTarget;
			buildConfigurationList = 03B0920A211793E500F07463 /* Build configuration list for PBXNativeTarget "GHBCarRentalUITests" */;
			buildPhases = (
				03B091F7211793E500F07463 /* Sources */,
				03B091F8211793E500F07463 /* Frameworks */,
				03B091F9211793E500F07463 /* Resources */,
			);
			buildRules = (
			);
			dependencies = (
				03B091FD211793E500F07463 /* PBXTargetDependency */,
			);
			name = GHBCarRentalUITests;
			productName = GHBCarRentalUITests;
			productReference = 03B091FB211793E500F07463 /* GHBCarRentalUITests.xctest */;
			productType = "com.apple.product-type.bundle.ui-testing";
		};
/* End PBXNativeTarget section */

/* Begin PBXProject section */
		03B091D4211793E300F07463 /* Project object */ = {
			isa = PBXProject;
			attributes = {
				LastSwiftUpdateCheck = 0930;
				LastUpgradeCheck = 0930;
				ORGANIZATIONNAME = "George Brickley";
				TargetAttributes = {
					03B091DB211793E300F07463 = {
						CreatedOnToolsVersion = 9.3.1;
					};
					03B091EF211793E500F07463 = {
						CreatedOnToolsVersion = 9.3.1;
						TestTargetID = 03B091DB211793E300F07463;
					};
					03B091FA211793E500F07463 = {
						CreatedOnToolsVersion = 9.3.1;
						TestTargetID = 03B091DB211793E300F07463;
					};
				};
			};
			buildConfigurationList = 03B091D7211793E300F07463 /* Build configuration list for PBXProject "GHBCarRental" */;
			compatibilityVersion = "Xcode 9.3";
			developmentRegion = en;
			hasScannedForEncodings = 0;
			knownRegions = (
				en,
				Base,
			);
			mainGroup = 03B091D3211793E300F07463;
			productRefGroup = 03B091DD211793E300F07463 /* Products */;
			projectDirPath = "";
			projectRoot = "";
			targets = (
				03B091DB211793E300F07463 /* GHBCarRental */,
				03B091EF211793E500F07463 /* GHBCarRentalTests */,
				03B091FA211793E500F07463 /* GHBCarRentalUITests */,
			);
		};
/* End PBXProject section */

/* Begin PBXResourcesBuildPhase section */
		03B091DA211793E300F07463 /* Resources */ = {
			isa = PBXResourcesBuildPhase;
			buildActionMask = 2147483647;
			files = (
				03B091EA211793E500F07463 /* LaunchScreen.storyboard in Resources */,
				03B091E7211793E500F07463 /* Assets.xcassets in Resources */,
				03B091E5211793E300F07463 /* Main.storyboard in Resources */,
			);
			runOnlyForDeploymentPostprocessing = 0;
		};
		03B091EE211793E500F07463 /* Resources */ = {
			isa = PBXResourcesBuildPhase;
			buildActionMask = 2147483647;
			files = (
			);
			runOnlyForDeploymentPostprocessing = 0;
		};
		03B091F9211793E500F07463 /* Resources */ = {
			isa = PBXResourcesBuildPhase;
			buildActionMask = 2147483647;
			files = (
			);
			runOnlyForDeploymentPostprocessing = 0;
		};
/* End PBXResourcesBuildPhase section */

/* Begin PBXSourcesBuildPhase section */
		03B091D8211793E300F07463 /* Sources */ = {
			isa = PBXSourcesBuildPhase;
			buildActionMask = 2147483647;
			files = (
				03B091E0211793E300F07463 /* AppDelegate.swift in Sources */,
			);
			runOnlyForDeploymentPostprocessing = 0;
		};
		03B091EC211793E500F07463 /* Sources */ = {
			isa = PBXSourcesBuildPhase;
			buildActionMask = 2147483647;
			files = (
				03B091F5211793E500F07463 /* GHBCarRentalTests.swift in Sources */,
			);
			runOnlyForDeploymentPostprocessing = 0;
		};
		03B091F7211793E500F07463 /* Sources */ = {
			isa = PBXSourcesBuildPhase;
			buildActionMask = 2147483647;
			files = (
				03B09200211793E500F07463 /* GHBCarRentalUITests.swift in Sources */,
			);
			runOnlyForDeploymentPostprocessing = 0;
		};
/* End PBXSourcesBuildPhase section */

/* Begin PBXTargetDependency section */
		03B091F2211793E500F07463 /* PBXTargetDependency */ = {
			isa = PBXTargetDependency;
			target = 03B091DB211793E300F07463 /* GHBCarRental */;
			targetProxy = 03B091F1211793E500F07463 /* PBXContainerItemProxy */;
		};
		03B091FD211793E500F07463 /* PBXTargetDependency */ = {
			isa = PBXTargetDependency;
			target = 03B091DB211793E300F07463 /* GHBCarRental */;
			targetProxy = 03B091FC211793E500F07463 /* PBXContainerItemProxy */;
		};
/* End PBXTargetDependency section */

/* Begin PBXVariantGroup section */
		03B091E3211793E300F07463 /* Main.storyboard */ = {
			isa = PBXVariantGroup;
			children = (
				03B091E4211793E300F07463 /* Base */,
			);
			name = Main.storyboard;
			sourceTree = "<group>";
		};
		03B091E8211793E500F07463 /* LaunchScreen.storyboard */ = {
			isa = PBXVariantGroup;
			children = (
				03B091E9211793E500F07463 /* Base */,
			);
			name = LaunchScreen.storyboard;
			sourceTree = "<group>";
		};
/* End PBXVariantGroup section */

/* Begin XCBuildConfiguration section */
		03B09202211793E500F07463 /* Debug */ = {
			isa = XCBuildConfiguration;
			buildSettings = {
				ALWAYS_SEARCH_USER_PATHS = NO;
				CLANG_ANALYZER_NONNULL = YES;
				CLANG_ANALYZER_NUMBER_OBJECT_CONVERSION = YES_AGGRESSIVE;
				CLANG_CXX_LANGUAGE_STANDARD = "gnu++14";
				CLANG_CXX_LIBRARY = "libc++";
				CLANG_ENABLE_MODULES = YES;
				CLANG_ENABLE_OBJC_ARC = YES;
				CLANG_ENABLE_OBJC_WEAK = YES;
				CLANG_WARN_BLOCK_CAPTURE_AUTORELEASING = YES;
				CLANG_WARN_BOOL_CONVERSION = YES;
				CLANG_WARN_COMMA = YES;
				CLANG_WARN_CONSTANT_CONVERSION = YES;
				CLANG_WARN_DEPRECATED_OBJC_IMPLEMENTATIONS = YES;
				CLANG_WARN_DIRECT_OBJC_ISA_USAGE = YES_ERROR;
				CLANG_WARN_DOCUMENTATION_COMMENTS = YES;
				CLANG_WARN_EMPTY_BODY = YES;
				CLANG_WARN_ENUM_CONVERSION = YES;
				CLANG_WARN_INFINITE_RECURSION = YES;
				CLANG_WARN_INT_CONVERSION = YES;
				CLANG_WARN_NON_LITERAL_NULL_CONVERSION = YES;
				CLANG_WARN_OBJC_IMPLICIT_RETAIN_SELF = YES;
				CLANG_WARN_OBJC_LITERAL_CONVERSION = YES;
				CLANG_WARN_OBJC_ROOT_CLASS = YES_ERROR;
				CLANG_WARN_RANGE_LOOP_ANALYSIS = YES;
				CLANG_WARN_STRICT_PROTOTYPES = YES;
				CLANG_WARN_SUSPICIOUS_MOVE = YES;
				CLANG_WARN_UNGUARDED_AVAILABILITY = YES_AGGRESSIVE;
				CLANG_WARN_UNREACHABLE_CODE = YES;
				CLANG_WARN__DUPLICATE_METHOD_MATCH = YES;
				CODE_SIGN_IDENTITY = "iPhone Developer";
				COPY_PHASE_STRIP = NO;
				DEBUG_INFORMATION_FORMAT = dwarf;
				ENABLE_STRICT_OBJC_MSGSEND = YES;
				ENABLE_TESTABILITY = YES;
				GCC_C_LANGUAGE_STANDARD = gnu11;
				GCC_DYNAMIC_NO_PIC = NO;
				GCC_NO_COMMON_BLOCKS = YES;
				GCC_OPTIMIZATION_LEVEL = 0;
				GCC_PREPROCESSOR_DEFINITIONS = (
					"DEBUG=1",
					"$(inherited)",
				);
				GCC_WARN_64_TO_32_BIT_CONVERSION = YES;
				GCC_WARN_ABOUT_RETURN_TYPE = YES_ERROR;
				GCC_WARN_UNDECLARED_SELECTOR = YES;
				GCC_WARN_UNINITIALIZED_AUTOS = YES_AGGRESSIVE;
				GCC_WARN_UNUSED_FUNCTION = YES;
				GCC_WARN_UNUSED_VARIABLE = YES;
				IPHONEOS_DEPLOYMENT_TARGET = 11.3;
				MTL_ENABLE_DEBUG_INFO = YES;
				ONLY_ACTIVE_ARCH = YES;
				SDKROOT = iphoneos;
				SWIFT_ACTIVE_COMPILATION_CONDITIONS = DEBUG;
				SWIFT_OPTIMIZATION_LEVEL = "-Onone";
			};
			name = Debug;
		};
		03B09203211793E500F07463 /* Release */ = {
			isa = XCBuildConfiguration;
			buildSettings = {
				ALWAYS_SEARCH_USER_PATHS = NO;
				CLANG_ANALYZER_NONNULL = YES;
				CLANG_ANALYZER_NUMBER_OBJECT_CONVERSION = YES_AGGRESSIVE;
				CLANG_CXX_LANGUAGE_STANDARD = "gnu++14";
				CLANG_CXX_LIBRARY = "libc++";
				CLANG_ENABLE_MODULES = YES;
				CLANG_ENABLE_OBJC_ARC = YES;
				CLANG_ENABLE_OBJC_WEAK = YES;
				CLANG_WARN_BLOCK_CAPTURE_AUTORELEASING = YES;
				CLANG_WARN_BOOL_CONVERSION = YES;
				CLANG_WARN_COMMA = YES;
				CLANG_WARN_CONSTANT_CONVERSION = YES;
				CLANG_WARN_DEPRECATED_OBJC_IMPLEMENTATIONS = YES;
				CLANG_WARN_DIRECT_OBJC_ISA_USAGE = YES_ERROR;
				CLANG_WARN_DOCUMENTATION_COMMENTS = YES;
				CLANG_WARN_EMPTY_BODY = YES;
				CLANG_WARN_ENUM_CONVERSION = YES;
				CLANG_WARN_INFINITE_RECURSION = YES;
				CLANG_WARN_INT_CONVERSION = YES;
				CLANG_WARN_NON_LITERAL_NULL_CONVERSION = YES;
				CLANG_WARN_OBJC_IMPLICIT_RETAIN_SELF = YES;
				CLANG_WARN_OBJC_LITERAL_CONVERSION = YES;
				CLANG_WARN_OBJC_ROOT_CLASS = YES_ERROR;
				CLANG_WARN_RANGE_LOOP_ANALYSIS = YES;
				CLANG_WARN_STRICT_PROTOTYPES = YES;
				CLANG_WARN_SUSPICIOUS_MOVE = YES;
				CLANG_WARN_UNGUARDED_AVAILABILITY = YES_AGGRESSIVE;
				CLANG_WARN_UNREACHABLE_CODE = YES;
				CLANG_WARN__DUPLICATE_METHOD_MATCH = YES;
				CODE_SIGN_IDENTITY = "iPhone Developer";
				COPY_PHASE_STRIP = NO;
				DEBUG_INFORMATION_FORMAT = "dwarf-with-dsym";
				ENABLE_NS_ASSERTIONS = NO;
				ENABLE_STRICT_OBJC_MSGSEND = YES;
				GCC_C_LANGUAGE_STANDARD = gnu11;
				GCC_NO_COMMON_BLOCKS = YES;
				GCC_WARN_64_TO_32_BIT_CONVERSION = YES;
				GCC_WARN_ABOUT_RETURN_TYPE = YES_ERROR;
				GCC_WARN_UNDECLARED_SELECTOR = YES;
				GCC_WARN_UNINITIALIZED_AUTOS = YES_AGGRESSIVE;
				GCC_WARN_UNUSED_FUNCTION = YES;
				GCC_WARN_UNUSED_VARIABLE = YES;
				IPHONEOS_DEPLOYMENT_TARGET = 11.3;
				MTL_ENABLE_DEBUG_INFO = NO;
				SDKROOT = iphoneos;
				SWIFT_COMPILATION_MODE = wholemodule;
				SWIFT_OPTIMIZATION_LEVEL = "-O";
				VALIDATE_PRODUCT = YES;
			};
			name = Release;
		};
		03B09205211793E500F07463 /* Debug */ = {
			isa = XCBuildConfiguration;
			buildSettings = {
				ASSETCATALOG_COMPILER_APPICON_NAME = AppIcon;
				CODE_SIGN_STYLE = Automatic;
				DEVELOPMENT_TEAM = 2YGDKQVDC6;
				INFOPLIST_FILE = GHBCarRental/Info.plist;
				LD_RUNPATH_SEARCH_PATHS = (
					"$(inherited)",
					"@executable_path/Frameworks",
				);
				PRODUCT_BUNDLE_IDENTIFIER = GHB.GHBCarRental;
				PRODUCT_NAME = "$(TARGET_NAME)";
				SWIFT_VERSION = 4.0;
				TARGETED_DEVICE_FAMILY = "1,2";
			};
			name = Debug;
		};
		03B09206211793E500F07463 /* Release */ = {
			isa = XCBuildConfiguration;
			buildSettings = {
				ASSETCATALOG_COMPILER_APPICON_NAME = AppIcon;
				CODE_SIGN_STYLE = Automatic;
				DEVELOPMENT_TEAM = 2YGDKQVDC6;
				INFOPLIST_FILE = GHBCarRental/Info.plist;
				LD_RUNPATH_SEARCH_PATHS = (
					"$(inherited)",
					"@executable_path/Frameworks",
				);
				PRODUCT_BUNDLE_IDENTIFIER = GHB.GHBCarRental;
				PRODUCT_NAME = "$(TARGET_NAME)";
				SWIFT_VERSION = 4.0;
				TARGETED_DEVICE_FAMILY = "1,2";
			};
			name = Release;
		};
		03B09208211793E500F07463 /* Debug */ = {
			isa = XCBuildConfiguration;
			buildSettings = {
				ALWAYS_EMBED_SWIFT_STANDARD_LIBRARIES = YES;
				BUNDLE_LOADER = "$(TEST_HOST)";
				CODE_SIGN_STYLE = Automatic;
				DEVELOPMENT_TEAM = 2YGDKQVDC6;
				INFOPLIST_FILE = GHBCarRentalTests/Info.plist;
				LD_RUNPATH_SEARCH_PATHS = (
					"$(inherited)",
					"@executable_path/Frameworks",
					"@loader_path/Frameworks",
				);
				PRODUCT_BUNDLE_IDENTIFIER = GHB.GHBCarRentalTests;
				PRODUCT_NAME = "$(TARGET_NAME)";
				SWIFT_VERSION = 4.0;
				TARGETED_DEVICE_FAMILY = "1,2";
				TEST_HOST = "$(BUILT_PRODUCTS_DIR)/GHBCarRental.app/GHBCarRental";
			};
			name = Debug;
		};
		03B09209211793E500F07463 /* Release */ = {
			isa = XCBuildConfiguration;
			buildSettings = {
				ALWAYS_EMBED_SWIFT_STANDARD_LIBRARIES = YES;
				BUNDLE_LOADER = "$(TEST_HOST)";
				CODE_SIGN_STYLE = Automatic;
				DEVELOPMENT_TEAM = 2YGDKQVDC6;
				INFOPLIST_FILE = GHBCarRentalTests/Info.plist;
				LD_RUNPATH_SEARCH_PATHS = (
					"$(inherited)",
					"@executable_path/Frameworks",
					"@loader_path/Frameworks",
				);
				PRODUCT_BUNDLE_IDENTIFIER = GHB.GHBCarRentalTests;
				PRODUCT_NAME = "$(TARGET_NAME)";
				SWIFT_VERSION = 4.0;
				TARGETED_DEVICE_FAMILY = "1,2";
				TEST_HOST = "$(BUILT_PRODUCTS_DIR)/GHBCarRental.app/GHBCarRental";
			};
			name = Release;
		};
		03B0920B211793E500F07463 /* Debug */ = {
			isa = XCBuildConfiguration;
			buildSettings = {
				ALWAYS_EMBED_SWIFT_STANDARD_LIBRARIES = YES;
				CODE_SIGN_STYLE = Automatic;
				DEVELOPMENT_TEAM = 2YGDKQVDC6;
				INFOPLIST_FILE = GHBCarRentalUITests/Info.plist;
				LD_RUNPATH_SEARCH_PATHS = (
					"$(inherited)",
					"@executable_path/Frameworks",
					"@loader_path/Frameworks",
				);
				PRODUCT_BUNDLE_IDENTIFIER = GHB.GHBCarRentalUITests;
				PRODUCT_NAME = "$(TARGET_NAME)";
				SWIFT_VERSION = 4.0;
				TARGETED_DEVICE_FAMILY = "1,2";
				TEST_TARGET_NAME = GHBCarRental;
			};
			name = Debug;
		};
		03B0920C211793E500F07463 /* Release */ = {
			isa = XCBuildConfiguration;
			buildSettings = {
				ALWAYS_EMBED_SWIFT_STANDARD_LIBRARIES = YES;
				CODE_SIGN_STYLE = Automatic;
				DEVELOPMENT_TEAM = 2YGDKQVDC6;
				INFOPLIST_FILE = GHBCarRentalUITests/Info.plist;
				LD_RUNPATH_SEARCH_PATHS = (
					"$(inherited)",
					"@executable_path/Frameworks",
					"@loader_path/Frameworks",
				);
				PRODUCT_BUNDLE_IDENTIFIER = GHB.GHBCarRentalUITests;
				PRODUCT_NAME = "$(TARGET_NAME)";
				SWIFT_VERSION = 4.0;
				TARGETED_DEVICE_FAMILY = "1,2";
				TEST_TARGET_NAME = GHBCarRental;
			};
			name = Release;
		};
/* End XCBuildConfiguration section */

/* Begin XCConfigurationList section */
		03B091D7211793E300F07463 /* Build configuration list for PBXProject "GHBCarRental" */ = {
			isa = XCConfigurationList;
			buildConfigurations = (
				03B09202211793E500F07463 /* Debug */,
				03B09203211793E500F07463 /* Release */,
			);
			defaultConfigurationIsVisible = 0;
			defaultConfigurationName = Release;
		};
		03B09204211793E500F07463 /* Build configuration list for PBXNativeTarget "GHBCarRental" */ = {
			isa = XCConfigurationList;
			buildConfigurations = (
				03B09205211793E500F07463 /* Debug */,
				03B09206211793E500F07463 /* Release */,
			);
			defaultConfigurationIsVisible = 0;
			defaultConfigurationName = Release;
		};
		03B09207211793E500F07463 /* Build configuration list for PBXNativeTarget "GHBCarRentalTests" */ = {
			isa = XCConfigurationList;
			buildConfigurations = (
				03B09208211793E500F07463 /* Debug */,
				03B09209211793E500F07463 /* Release */,
			);
			defaultConfigurationIsVisible = 0;
			defaultConfigurationName = Release;
		};
		03B0920A211793E500F07463 /* Build configuration list for PBXNativeTarget "GHBCarRentalUITests" */ = {
			isa = XCConfigurationList;
			buildConfigurations = (
				03B0920B211793E500F07463 /* Debug */,
				03B0920C211793E500F07463 /* Release */,
			);
			defaultConfigurationIsVisible = 0;
			defaultConfigurationName = Release;
		};
/* End XCConfigurationList section */
	};
	rootObject = 03B091D4211793E300F07463 /* Project object */;
}
